
Microsoft Visual Studio Solution File, Format Version 12.00
Project("{FAE04EC0-301F-11D3-BF4B-00C04F79EFBC}") = "Simple-Compiler", "Simple-Compiler\Simple-Compiler.csproj", "{59B8C1B3-F95F-48CA-8358-7F015981593B}"
EndProject
Project("{FAE04EC0-301F-11D3-BF4B-00C04F79EFBC}") = "Runner", "Runner\Runner.csproj", "{C829F782-F6FC-4DD5-9F41-BC7063EFE692}"
EndProject
Project("{FAE04EC0-301F-11D3-BF4B-00C04F79EFBC}") = "GrEmit", "..\..\gremit\GrEmit\GrEmit.csproj", "{5FFE47AA-B891-41DD-8E80-B02927603942}"
EndProject
Global
	GlobalSection(SolutionConfigurationPlatforms) = preSolution
		Debug|Any CPU = Debug|Any CPU
		Release|Any CPU = Release|Any CPU
	EndGlobalSection
	GlobalSection(ProjectConfigurationPlatforms) = postSolution
		{59B8C1B3-F95F-48CA-8358-7F015981593B}.Debug|Any CPU.ActiveCfg = Debug|Any CPU
		{59B8C1B3-F95F-48CA-8358-7F015981593B}.Debug|Any CPU.Build.0 = Debug|Any CPU
		{59B8C1B3-F95F-48CA-8358-7F015981593B}.Release|Any CPU.ActiveCfg = Release|Any CPU
		{59B8C1B3-F95F-48CA-8358-7F015981593B}.Release|Any CPU.Build.0 = Release|Any CPU
		{C829F782-F6FC-4DD5-9F41-BC7063EFE692}.Debug|Any CPU.ActiveCfg = Debug|Any CPU
		{C829F782-F6FC-4DD5-9F41-BC7063EFE692}.Debug|Any CPU.Build.0 = Debug|Any CPU
		{C829F782-F6FC-4DD5-9F41-BC7063EFE692}.Release|Any CPU.ActiveCfg = Release|Any CPU
		{C829F782-F6FC-4DD5-9F41-BC7063EFE692}.Release|Any CPU.Build.0 = Release|Any CPU
		{5FFE47AA-B891-41DD-8E80-B02927603942}.Debug|Any CPU.ActiveCfg = Debug|Any CPU
		{5FFE47AA-B891-41DD-8E80-B02927603942}.Debug|Any CPU.Build.0 = Debug|Any CPU
		{5FFE47AA-B891-41DD-8E80-B02927603942}.Release|Any CPU.ActiveCfg = Release|Any CPU
		{5FFE47AA-B891-41DD-8E80-B02927603942}.Release|Any CPU.Build.0 = Release|Any CPU
	EndGlobalSection
EndGlobal
